
Microsoft Visual Studio Solution File, Format Version 12.00
# Visual Studio Version 17
VisualStudioVersion = 17.1.32414.318
MinimumVisualStudioVersion = 10.0.40219.1
Project("{FAE04EC0-301F-11D3-BF4B-00C04F79EFBC}") = "SwitchCase", "SwitchCase\SwitchCase.csproj", "{48119C3A-6FF2-4D8F-933E-E49A3DC73CB5}"
EndProject
Global
	GlobalSection(SolutionConfigurationPlatforms) = preSolution
		Debug|Any CPU = Debug|Any CPU
		Release|Any CPU = Release|Any CPU
	EndGlobalSection
	GlobalSection(ProjectConfigurationPlatforms) = postSolution
		{48119C3A-6FF2-4D8F-933E-E49A3DC73CB5}.Debug|Any CPU.ActiveCfg = Debug|Any CPU
		{48119C3A-6FF2-4D8F-933E-E49A3DC73CB5}.Debug|Any CPU.Build.0 = Debug|Any CPU
		{48119C3A-6FF2-4D8F-933E-E49A3DC73CB5}.Release|Any CPU.ActiveCfg = Release|Any CPU
		{48119C3A-6FF2-4D8F-933E-E49A3DC73CB5}.Release|Any CPU.Build.0 = Release|Any CPU
	EndGlobalSection
	GlobalSection(SolutionProperties) = preSolution
		HideSolutionNode = FALSE
	EndGlobalSection
	GlobalSection(ExtensibilityGlobals) = postSolution
		SolutionGuid = {E0C836AE-11CB-46C1-8263-935AB4F08F0C}
	EndGlobalSection
EndGlobal
